
Microsoft Visual Studio Solution File, Format Version 12.00
Project("{FAE04EC0-301F-11D3-BF4B-00C04F79EFBC}") = "BlazorWith3d.ExampleApp", "samples\BlazorWith3d.ExampleApp\BlazorWith3d.ExampleApp.csproj", "{950A34BA-A271-435A-9161-28891E4082BB}"
EndProject
Project("{FAE04EC0-301F-11D3-BF4B-00C04F79EFBC}") = "BlazorWith3d.ExampleApp.Client", "samples\BlazorWith3d.ExampleApp.Client\BlazorWith3d.ExampleApp.Client.csproj", "{386015FC-3AD7-4D4B-99B5-590B111D82BF}"
EndProject
Project("{FAE04EC0-301F-11D3-BF4B-00C04F79EFBC}") = "BlazorWith3d.Unity", "src\BlazorWith3d.Unity\BlazorWith3d.Unity\BlazorWith3d.Unity.csproj", "{E881D744-002F-40ED-8DFD-C839300890B5}"
EndProject
Project("{FAE04EC0-301F-11D3-BF4B-00C04F79EFBC}") = "BlazorWith3d.Unity.Shared", "src\BlazorWith3d.Unity\BlazorWith3d.Unity.Shared\BlazorWith3d.Unity.Shared.csproj", "{5DE1CF85-C4B0-4B38-8804-3DC41F6355B4}"
EndProject
Global
	GlobalSection(SolutionConfigurationPlatforms) = preSolution
		Debug|Any CPU = Debug|Any CPU
		Release|Any CPU = Release|Any CPU
	EndGlobalSection
	GlobalSection(ProjectConfigurationPlatforms) = postSolution
		{950A34BA-A271-435A-9161-28891E4082BB}.Debug|Any CPU.ActiveCfg = Debug|Any CPU
		{950A34BA-A271-435A-9161-28891E4082BB}.Debug|Any CPU.Build.0 = Debug|Any CPU
		{950A34BA-A271-435A-9161-28891E4082BB}.Release|Any CPU.ActiveCfg = Release|Any CPU
		{950A34BA-A271-435A-9161-28891E4082BB}.Release|Any CPU.Build.0 = Release|Any CPU
		{386015FC-3AD7-4D4B-99B5-590B111D82BF}.Debug|Any CPU.ActiveCfg = Debug|Any CPU
		{386015FC-3AD7-4D4B-99B5-590B111D82BF}.Debug|Any CPU.Build.0 = Debug|Any CPU
		{386015FC-3AD7-4D4B-99B5-590B111D82BF}.Release|Any CPU.ActiveCfg = Release|Any CPU
		{386015FC-3AD7-4D4B-99B5-590B111D82BF}.Release|Any CPU.Build.0 = Release|Any CPU
		{E881D744-002F-40ED-8DFD-C839300890B5}.Debug|Any CPU.ActiveCfg = Debug|Any CPU
		{E881D744-002F-40ED-8DFD-C839300890B5}.Debug|Any CPU.Build.0 = Debug|Any CPU
		{E881D744-002F-40ED-8DFD-C839300890B5}.Release|Any CPU.ActiveCfg = Release|Any CPU
		{E881D744-002F-40ED-8DFD-C839300890B5}.Release|Any CPU.Build.0 = Release|Any CPU
		{5DE1CF85-C4B0-4B38-8804-3DC41F6355B4}.Debug|Any CPU.ActiveCfg = Debug|Any CPU
		{5DE1CF85-C4B0-4B38-8804-3DC41F6355B4}.Debug|Any CPU.Build.0 = Debug|Any CPU
		{5DE1CF85-C4B0-4B38-8804-3DC41F6355B4}.Release|Any CPU.ActiveCfg = Release|Any CPU
		{5DE1CF85-C4B0-4B38-8804-3DC41F6355B4}.Release|Any CPU.Build.0 = Release|Any CPU
	EndGlobalSection
EndGlobal
