
Microsoft Visual Studio Solution File, Format Version 12.00
# Visual Studio Version 17
VisualStudioVersion = 17.12.35323.107
MinimumVisualStudioVersion = 10.0.40219.1
Project("{FAE04EC0-301F-11D3-BF4B-00C04F79EFBC}") = "BlazorWith3d.ExampleApp.AspNet", "samples\BlazorWith3d.ExampleApp.AspNet\BlazorWith3d.ExampleApp.AspNet.csproj", "{950A34BA-A271-435A-9161-28891E4082BB}"
EndProject
Project("{FAE04EC0-301F-11D3-BF4B-00C04F79EFBC}") = "BlazorWith3d.ExampleApp.Client", "samples\BlazorWith3d.ExampleApp.Client\BlazorWith3d.ExampleApp.Client.csproj", "{386015FC-3AD7-4D4B-99B5-590B111D82BF}"
EndProject
Project("{FAE04EC0-301F-11D3-BF4B-00C04F79EFBC}") = "BlazorWith3d.Unity", "src\BlazorWith3d\BlazorWith3d.Unity\BlazorWith3d.Unity.csproj", "{E881D744-002F-40ED-8DFD-C839300890B5}"
EndProject
Project("{FAE04EC0-301F-11D3-BF4B-00C04F79EFBC}") = "BlazorWith3d.Shared", "src\BlazorWith3d\BlazorWith3d.Shared\BlazorWith3d.Shared.csproj", "{5DE1CF85-C4B0-4B38-8804-3DC41F6355B4}"
EndProject
Project("{2150E333-8FDC-42A3-9474-1A3956D46DE8}") = "_Solution Items", "_Solution Items", "{DCF5B369-95B8-4FA0-94BE-8AEDE842B105}"
	ProjectSection(SolutionItems) = preProject
		.gitattributes = .gitattributes
		.gitignore = .gitignore
		LICENSE = LICENSE
		.github\workflows\main_blazorwith3d.yml = .github\workflows\main_blazorwith3d.yml
		README.md = README.md
	EndProjectSection
EndProject
Project("{FAE04EC0-301F-11D3-BF4B-00C04F79EFBC}") = "BlazorWith3d.CodeGenerator", "src\BlazorWith3d\BlazorWith3d.CodeGenerator\BlazorWith3d.CodeGenerator.csproj", "{47CE0DFA-94DF-4040-ACA6-BFAA0E984677}"
EndProject
Project("{FAE04EC0-301F-11D3-BF4B-00C04F79EFBC}") = "BlazorWith3d.ExampleApp.Client.Unity", "samples\BlazorWith3d.ExampleApp.Client.Unity\BlazorWith3d.ExampleApp.Client.Unity.csproj", "{E773FCE7-BF7A-461B-BC7A-64E804D0C30D}"
EndProject
Project("{FAE04EC0-301F-11D3-BF4B-00C04F79EFBC}") = "BlazorWith3d.ExampleApp.Client.HTML", "samples\BlazorWith3d.ExampleApp.Client.HTML\BlazorWith3d.ExampleApp.Client.HTML.csproj", "{25A15756-1FE5-4E77-AA27-1B271E323E5E}"
EndProject
Project("{FAE04EC0-301F-11D3-BF4B-00C04F79EFBC}") = "BlazorWith3d.ExampleApp.Client.Shared", "samples\BlazorWith3d.ExampleApp.Client.Shared\BlazorWith3d.ExampleApp.Client.Shared.csproj", "{1AE985E3-DB1E-4D0D-ABFA-6E7EA9B2269E}"
EndProject
Project("{FAE04EC0-301F-11D3-BF4B-00C04F79EFBC}") = "BlazorWith3d.ExampleApp.Client.Babylon", "samples\BlazorWith3d.ExampleApp.Client.Babylon\BlazorWith3d.ExampleApp.Client.Babylon.csproj", "{1E1C9549-D095-42B2-84DC-EF2717775578}"
EndProject
Project("{FAE04EC0-301F-11D3-BF4B-00C04F79EFBC}") = "BlazorWith3d.ExampleApp.Maui", "samples\BlazorWith3d.ExampleApp.Maui\BlazorWith3d.ExampleApp.Maui.csproj", "{6CC87DAA-38F3-264B-C400-5531A5FC776A}"
EndProject
Project("{FAE04EC0-301F-11D3-BF4B-00C04F79EFBC}") = "BlazorWith3d.ExampleApp.AspNet.WebAssembly", "samples\BlazorWith3d.ExampleApp.AspNet.WebAssembly\BlazorWith3d.ExampleApp.AspNet.WebAssembly.csproj", "{D53BA66F-0AF8-E4D4-3F3F-A7F8869707C2}"
EndProject
Project("{2150E333-8FDC-42A3-9474-1A3956D46DE8}") = "BlazorWith3d", "BlazorWith3d", "{8D75F5F4-2A1B-4C7D-9217-10A5BCFF61EB}"
EndProject
Project("{2150E333-8FDC-42A3-9474-1A3956D46DE8}") = "ExampleApp", "ExampleApp", "{44CB5B1C-A284-45E6-BFB7-C58D73AE7037}"
EndProject
Project("{FAE04EC0-301F-11D3-BF4B-00C04F79EFBC}") = "BlazorWith3d.Babylon", "src\BlazorWith3d\BlazorWith3d.Babylon\BlazorWith3d.Babylon.csproj", "{C3CDE7A6-8733-4DCD-8928-800073E33565}"
EndProject
Project("{2150E333-8FDC-42A3-9474-1A3956D46DE8}") = "MemoryPackFork", "MemoryPackFork", "{F9B3F897-7C97-4DA4-A0F0-C3D5095AE10A}"
EndProject
Project("{FAE04EC0-301F-11D3-BF4B-00C04F79EFBC}") = "MemoryPack.Generator", "src\MemoryPack\MemoryPack.Generator\MemoryPack.Generator.csproj", "{C0A522D6-75D9-4414-8BBD-9E19435EA6C3}"
EndProject
Project("{FAE04EC0-301F-11D3-BF4B-00C04F79EFBC}") = "MemoryPack.Core", "src\MemoryPack\MemoryPack.Core\MemoryPack.Core.csproj", "{1CCC63D0-FDC1-41BC-A4D8-4500444D510F}"
EndProject
Project("{FAE04EC0-301F-11D3-BF4B-00C04F79EFBC}") = "MemoryPack", "src\MemoryPack\MemoryPack\MemoryPack.csproj", "{64F2BB7E-C338-4066-8C7D-AD1EAD5D9B71}"
EndProject
Global
	GlobalSection(SolutionConfigurationPlatforms) = preSolution
		Debug|Any CPU = Debug|Any CPU
		Release|Any CPU = Release|Any CPU
	EndGlobalSection
	GlobalSection(ProjectConfigurationPlatforms) = postSolution
		{950A34BA-A271-435A-9161-28891E4082BB}.Debug|Any CPU.ActiveCfg = Debug|Any CPU
		{950A34BA-A271-435A-9161-28891E4082BB}.Debug|Any CPU.Build.0 = Debug|Any CPU
		{950A34BA-A271-435A-9161-28891E4082BB}.Release|Any CPU.ActiveCfg = Release|Any CPU
		{950A34BA-A271-435A-9161-28891E4082BB}.Release|Any CPU.Build.0 = Release|Any CPU
		{386015FC-3AD7-4D4B-99B5-590B111D82BF}.Debug|Any CPU.ActiveCfg = Debug|Any CPU
		{386015FC-3AD7-4D4B-99B5-590B111D82BF}.Debug|Any CPU.Build.0 = Debug|Any CPU
		{386015FC-3AD7-4D4B-99B5-590B111D82BF}.Release|Any CPU.ActiveCfg = Release|Any CPU
		{386015FC-3AD7-4D4B-99B5-590B111D82BF}.Release|Any CPU.Build.0 = Release|Any CPU
		{E881D744-002F-40ED-8DFD-C839300890B5}.Debug|Any CPU.ActiveCfg = Debug|Any CPU
		{E881D744-002F-40ED-8DFD-C839300890B5}.Debug|Any CPU.Build.0 = Debug|Any CPU
		{E881D744-002F-40ED-8DFD-C839300890B5}.Release|Any CPU.ActiveCfg = Release|Any CPU
		{E881D744-002F-40ED-8DFD-C839300890B5}.Release|Any CPU.Build.0 = Release|Any CPU
		{5DE1CF85-C4B0-4B38-8804-3DC41F6355B4}.Debug|Any CPU.ActiveCfg = Debug|Any CPU
		{5DE1CF85-C4B0-4B38-8804-3DC41F6355B4}.Debug|Any CPU.Build.0 = Debug|Any CPU
		{5DE1CF85-C4B0-4B38-8804-3DC41F6355B4}.Release|Any CPU.ActiveCfg = Release|Any CPU
		{5DE1CF85-C4B0-4B38-8804-3DC41F6355B4}.Release|Any CPU.Build.0 = Release|Any CPU
		{47CE0DFA-94DF-4040-ACA6-BFAA0E984677}.Debug|Any CPU.ActiveCfg = Debug|Any CPU
		{47CE0DFA-94DF-4040-ACA6-BFAA0E984677}.Debug|Any CPU.Build.0 = Debug|Any CPU
		{47CE0DFA-94DF-4040-ACA6-BFAA0E984677}.Release|Any CPU.ActiveCfg = Release|Any CPU
		{47CE0DFA-94DF-4040-ACA6-BFAA0E984677}.Release|Any CPU.Build.0 = Release|Any CPU
		{E773FCE7-BF7A-461B-BC7A-64E804D0C30D}.Debug|Any CPU.ActiveCfg = Debug|Any CPU
		{E773FCE7-BF7A-461B-BC7A-64E804D0C30D}.Debug|Any CPU.Build.0 = Debug|Any CPU
		{E773FCE7-BF7A-461B-BC7A-64E804D0C30D}.Release|Any CPU.ActiveCfg = Release|Any CPU
		{E773FCE7-BF7A-461B-BC7A-64E804D0C30D}.Release|Any CPU.Build.0 = Release|Any CPU
		{25A15756-1FE5-4E77-AA27-1B271E323E5E}.Debug|Any CPU.ActiveCfg = Debug|Any CPU
		{25A15756-1FE5-4E77-AA27-1B271E323E5E}.Debug|Any CPU.Build.0 = Debug|Any CPU
		{25A15756-1FE5-4E77-AA27-1B271E323E5E}.Release|Any CPU.ActiveCfg = Release|Any CPU
		{25A15756-1FE5-4E77-AA27-1B271E323E5E}.Release|Any CPU.Build.0 = Release|Any CPU
		{1AE985E3-DB1E-4D0D-ABFA-6E7EA9B2269E}.Debug|Any CPU.ActiveCfg = Debug|Any CPU
		{1AE985E3-DB1E-4D0D-ABFA-6E7EA9B2269E}.Debug|Any CPU.Build.0 = Debug|Any CPU
		{1AE985E3-DB1E-4D0D-ABFA-6E7EA9B2269E}.Release|Any CPU.ActiveCfg = Release|Any CPU
		{1AE985E3-DB1E-4D0D-ABFA-6E7EA9B2269E}.Release|Any CPU.Build.0 = Release|Any CPU
		{1E1C9549-D095-42B2-84DC-EF2717775578}.Debug|Any CPU.ActiveCfg = Debug|Any CPU
		{1E1C9549-D095-42B2-84DC-EF2717775578}.Debug|Any CPU.Build.0 = Debug|Any CPU
		{1E1C9549-D095-42B2-84DC-EF2717775578}.Release|Any CPU.ActiveCfg = Release|Any CPU
		{1E1C9549-D095-42B2-84DC-EF2717775578}.Release|Any CPU.Build.0 = Release|Any CPU
		{6CC87DAA-38F3-264B-C400-5531A5FC776A}.Debug|Any CPU.ActiveCfg = Debug|Any CPU
		{6CC87DAA-38F3-264B-C400-5531A5FC776A}.Debug|Any CPU.Build.0 = Debug|Any CPU
		{6CC87DAA-38F3-264B-C400-5531A5FC776A}.Release|Any CPU.ActiveCfg = Release|Any CPU
		{6CC87DAA-38F3-264B-C400-5531A5FC776A}.Release|Any CPU.Build.0 = Release|Any CPU
		{D53BA66F-0AF8-E4D4-3F3F-A7F8869707C2}.Debug|Any CPU.ActiveCfg = Debug|Any CPU
		{D53BA66F-0AF8-E4D4-3F3F-A7F8869707C2}.Debug|Any CPU.Build.0 = Debug|Any CPU
		{D53BA66F-0AF8-E4D4-3F3F-A7F8869707C2}.Release|Any CPU.ActiveCfg = Release|Any CPU
		{D53BA66F-0AF8-E4D4-3F3F-A7F8869707C2}.Release|Any CPU.Build.0 = Release|Any CPU
		{C3CDE7A6-8733-4DCD-8928-800073E33565}.Debug|Any CPU.ActiveCfg = Debug|Any CPU
		{C3CDE7A6-8733-4DCD-8928-800073E33565}.Debug|Any CPU.Build.0 = Debug|Any CPU
		{C3CDE7A6-8733-4DCD-8928-800073E33565}.Release|Any CPU.ActiveCfg = Release|Any CPU
		{C3CDE7A6-8733-4DCD-8928-800073E33565}.Release|Any CPU.Build.0 = Release|Any CPU
		{C0A522D6-75D9-4414-8BBD-9E19435EA6C3}.Debug|Any CPU.ActiveCfg = Debug|Any CPU
		{C0A522D6-75D9-4414-8BBD-9E19435EA6C3}.Debug|Any CPU.Build.0 = Debug|Any CPU
		{C0A522D6-75D9-4414-8BBD-9E19435EA6C3}.Release|Any CPU.ActiveCfg = Release|Any CPU
		{C0A522D6-75D9-4414-8BBD-9E19435EA6C3}.Release|Any CPU.Build.0 = Release|Any CPU
		{1CCC63D0-FDC1-41BC-A4D8-4500444D510F}.Debug|Any CPU.ActiveCfg = Debug|Any CPU
		{1CCC63D0-FDC1-41BC-A4D8-4500444D510F}.Debug|Any CPU.Build.0 = Debug|Any CPU
		{1CCC63D0-FDC1-41BC-A4D8-4500444D510F}.Release|Any CPU.ActiveCfg = Release|Any CPU
		{1CCC63D0-FDC1-41BC-A4D8-4500444D510F}.Release|Any CPU.Build.0 = Release|Any CPU
		{64F2BB7E-C338-4066-8C7D-AD1EAD5D9B71}.Debug|Any CPU.ActiveCfg = Debug|Any CPU
		{64F2BB7E-C338-4066-8C7D-AD1EAD5D9B71}.Debug|Any CPU.Build.0 = Debug|Any CPU
		{64F2BB7E-C338-4066-8C7D-AD1EAD5D9B71}.Release|Any CPU.ActiveCfg = Release|Any CPU
		{64F2BB7E-C338-4066-8C7D-AD1EAD5D9B71}.Release|Any CPU.Build.0 = Release|Any CPU
	EndGlobalSection
	GlobalSection(SolutionProperties) = preSolution
		HideSolutionNode = FALSE
	EndGlobalSection
	GlobalSection(NestedProjects) = preSolution
		{950A34BA-A271-435A-9161-28891E4082BB} = {44CB5B1C-A284-45E6-BFB7-C58D73AE7037}
		{386015FC-3AD7-4D4B-99B5-590B111D82BF} = {44CB5B1C-A284-45E6-BFB7-C58D73AE7037}
		{E881D744-002F-40ED-8DFD-C839300890B5} = {8D75F5F4-2A1B-4C7D-9217-10A5BCFF61EB}
		{5DE1CF85-C4B0-4B38-8804-3DC41F6355B4} = {8D75F5F4-2A1B-4C7D-9217-10A5BCFF61EB}
		{47CE0DFA-94DF-4040-ACA6-BFAA0E984677} = {8D75F5F4-2A1B-4C7D-9217-10A5BCFF61EB}
		{E773FCE7-BF7A-461B-BC7A-64E804D0C30D} = {44CB5B1C-A284-45E6-BFB7-C58D73AE7037}
		{25A15756-1FE5-4E77-AA27-1B271E323E5E} = {44CB5B1C-A284-45E6-BFB7-C58D73AE7037}
		{1AE985E3-DB1E-4D0D-ABFA-6E7EA9B2269E} = {44CB5B1C-A284-45E6-BFB7-C58D73AE7037}
		{1E1C9549-D095-42B2-84DC-EF2717775578} = {44CB5B1C-A284-45E6-BFB7-C58D73AE7037}
		{6CC87DAA-38F3-264B-C400-5531A5FC776A} = {44CB5B1C-A284-45E6-BFB7-C58D73AE7037}
		{D53BA66F-0AF8-E4D4-3F3F-A7F8869707C2} = {44CB5B1C-A284-45E6-BFB7-C58D73AE7037}
		{C3CDE7A6-8733-4DCD-8928-800073E33565} = {8D75F5F4-2A1B-4C7D-9217-10A5BCFF61EB}
		{C0A522D6-75D9-4414-8BBD-9E19435EA6C3} = {F9B3F897-7C97-4DA4-A0F0-C3D5095AE10A}
		{1CCC63D0-FDC1-41BC-A4D8-4500444D510F} = {F9B3F897-7C97-4DA4-A0F0-C3D5095AE10A}
		{64F2BB7E-C338-4066-8C7D-AD1EAD5D9B71} = {F9B3F897-7C97-4DA4-A0F0-C3D5095AE10A}
	EndGlobalSection
	GlobalSection(ExtensibilityGlobals) = postSolution
		SolutionGuid = {66A8D527-8D61-4D7B-AAFB-AE9DEF0B3757}
	EndGlobalSection
EndGlobal
