{
  "name": "BlazorWith3d.ExampleApp.Client.Babylon",
  "lockfileVersion": 3,
  "requires": true,
  "packages": {
    "": {
      "devDependencies": {
        "@babylonjs/core": "^7.35.0"
      }
    },
    "node_modules/@babylonjs/core": {
      "version": "7.35.0",
      "resolved": "https://registry.npmjs.org/@babylonjs/core/-/core-7.35.0.tgz",
      "integrity": "sha512-cIy1jgPZlhlajCTzlKwZsoEbWUHvlB2syoaWfKsLdyuM/5Hv4qVXU3Ubo/fyqipiC6BSELj8/OdwbMg5g0KFmg==",
      "license": "Apache-2.0"
    }
  }
}
