{
  "name": "com.blazorwith3d.exampleapp.client.shared",
  "version": "1.2.3",
  "lockfileVersion": 3,
  "requires": true,
  "packages": {
    "": {
      "name": "com.blazorwith3d.exampleapp.client.shared",
      "version": "1.2.3",
      "dependencies": {
        "com.blazorwith3d.shared": "file:../../../src/BlazorWith3d/BlazorWith3d.Shared/scripts"
      }
    },
    "../../../../scr/BlazorWith3d/BlazorWith3d.Shared/scripts": {
      "extraneous": true
    },
    "../../../scr/BlazorWith3d/BlazorWith3d.Shared/scripts": {
      "extraneous": true
    },
    "../../../src/BlazorWith3d/BlazorWith3d.Shared/scripts": {
      "name": "com.blazorwith3d.shared",
      "version": "1.2.3"
    },
    "node_modules/com.blazorwith3d.shared": {
      "resolved": "../../../src/BlazorWith3d/BlazorWith3d.Shared/scripts",
      "link": true
    }
  }
}
